
Microsoft Visual Studio Solution File, Format Version 12.00
# Visual Studio 15
VisualStudioVersion = 15.0.27703.2000
MinimumVisualStudioVersion = 10.0.40219.1
Project("{9A19103F-16F7-4668-BE54-9A1E7A4F7556}") = "ShoppingCart", "..\Users\nickb.IN\source\repos\ShoppingCart\ShoppingCart\ShoppingCart.csproj", "{B3103ED1-C12C-4BE8-B629-F06DDBA37CC2}"
EndProject
Project("{FAE04EC0-301F-11D3-BF4B-00C04F79EFBC}") = "ShoppingCart.Tests", "..\Users\nickb.IN\source\repos\ShoppingCart\ShoppingCart.Tests\ShoppingCart.Tests.csproj", "{F859BFA4-9366-4B72-B368-DDAB14A5525B}"
EndProject
Global
	GlobalSection(SolutionConfigurationPlatforms) = preSolution
		Debug|Any CPU = Debug|Any CPU
		Release|Any CPU = Release|Any CPU
	EndGlobalSection
	GlobalSection(ProjectConfigurationPlatforms) = postSolution
		{B3103ED1-C12C-4BE8-B629-F06DDBA37CC2}.Debug|Any CPU.ActiveCfg = Debug|Any CPU
		{B3103ED1-C12C-4BE8-B629-F06DDBA37CC2}.Debug|Any CPU.Build.0 = Debug|Any CPU
		{B3103ED1-C12C-4BE8-B629-F06DDBA37CC2}.Release|Any CPU.ActiveCfg = Release|Any CPU
		{B3103ED1-C12C-4BE8-B629-F06DDBA37CC2}.Release|Any CPU.Build.0 = Release|Any CPU
		{F859BFA4-9366-4B72-B368-DDAB14A5525B}.Debug|Any CPU.ActiveCfg = Debug|Any CPU
		{F859BFA4-9366-4B72-B368-DDAB14A5525B}.Debug|Any CPU.Build.0 = Debug|Any CPU
		{F859BFA4-9366-4B72-B368-DDAB14A5525B}.Release|Any CPU.ActiveCfg = Release|Any CPU
		{F859BFA4-9366-4B72-B368-DDAB14A5525B}.Release|Any CPU.Build.0 = Release|Any CPU
	EndGlobalSection
	GlobalSection(SolutionProperties) = preSolution
		HideSolutionNode = FALSE
	EndGlobalSection
	GlobalSection(ExtensibilityGlobals) = postSolution
		SolutionGuid = {7D4A9595-05EE-42CB-8BE6-61D598573091}
	EndGlobalSection
EndGlobal
